
Microsoft Visual Studio Solution File, Format Version 12.00
# Visual Studio Version 17
VisualStudioVersion = 17.9.34728.123
MinimumVisualStudioVersion = 10.0.40219.1
Project("{FAE04EC0-301F-11D3-BF4B-00C04F79EFBC}") = "RabbitSender", "RabbitSender\RabbitSender.csproj", "{459063AF-923A-418F-AB6E-EAE5C4A8A3F0}"
EndProject
Project("{FAE04EC0-301F-11D3-BF4B-00C04F79EFBC}") = "RabbitReceiver1", "RabbitReceiver1\RabbitReceiver1.csproj", "{ED2CABA9-2EDC-4E82-BAD2-205769661F45}"
EndProject
Project("{FAE04EC0-301F-11D3-BF4B-00C04F79EFBC}") = "RabbitReceiver2", "RabbitReceiver2\RabbitReceiver2.csproj", "{B40CF2BB-4D10-4B32-8C01-854CA82E0DB4}"
EndProject
Global
	GlobalSection(SolutionConfigurationPlatforms) = preSolution
		Debug|Any CPU = Debug|Any CPU
		Release|Any CPU = Release|Any CPU
	EndGlobalSection
	GlobalSection(ProjectConfigurationPlatforms) = postSolution
		{459063AF-923A-418F-AB6E-EAE5C4A8A3F0}.Debug|Any CPU.ActiveCfg = Debug|Any CPU
		{459063AF-923A-418F-AB6E-EAE5C4A8A3F0}.Debug|Any CPU.Build.0 = Debug|Any CPU
		{459063AF-923A-418F-AB6E-EAE5C4A8A3F0}.Release|Any CPU.ActiveCfg = Release|Any CPU
		{459063AF-923A-418F-AB6E-EAE5C4A8A3F0}.Release|Any CPU.Build.0 = Release|Any CPU
		{ED2CABA9-2EDC-4E82-BAD2-205769661F45}.Debug|Any CPU.ActiveCfg = Debug|Any CPU
		{ED2CABA9-2EDC-4E82-BAD2-205769661F45}.Debug|Any CPU.Build.0 = Debug|Any CPU
		{ED2CABA9-2EDC-4E82-BAD2-205769661F45}.Release|Any CPU.ActiveCfg = Release|Any CPU
		{ED2CABA9-2EDC-4E82-BAD2-205769661F45}.Release|Any CPU.Build.0 = Release|Any CPU
		{B40CF2BB-4D10-4B32-8C01-854CA82E0DB4}.Debug|Any CPU.ActiveCfg = Debug|Any CPU
		{B40CF2BB-4D10-4B32-8C01-854CA82E0DB4}.Debug|Any CPU.Build.0 = Debug|Any CPU
		{B40CF2BB-4D10-4B32-8C01-854CA82E0DB4}.Release|Any CPU.ActiveCfg = Release|Any CPU
		{B40CF2BB-4D10-4B32-8C01-854CA82E0DB4}.Release|Any CPU.Build.0 = Release|Any CPU
	EndGlobalSection
	GlobalSection(SolutionProperties) = preSolution
		HideSolutionNode = FALSE
	EndGlobalSection
	GlobalSection(ExtensibilityGlobals) = postSolution
		SolutionGuid = {FD582674-3482-4EE5-A05B-D336FC8CD44A}
	EndGlobalSection
EndGlobal
